// !$*UTF8*$!
{
	archiveVersion = 1;
	classes = {
	};
	objectVersion = 56;
	objects = {

/* Begin PBXBuildFile section */
		47ABD1502885076C0090387F /* UI_615App.swift in Sources */ = {isa = PBXBuildFile; fileRef = 47ABD14F2885076C0090387F /* UI_615App.swift */; };
		47ABD1522885076C0090387F /* ContentView.swift in Sources */ = {isa = PBXBuildFile; fileRef = 47ABD1512885076C0090387F /* ContentView.swift */; };
		47ABD1542885076D0090387F /* Assets.xcassets in Resources */ = {isa = PBXBuildFile; fileRef = 47ABD1532885076D0090387F /* Assets.xcassets */; };
		47ABD1572885076D0090387F /* Preview Assets.xcassets in Resources */ = {isa = PBXBuildFile; fileRef = 47ABD1562885076D0090387F /* Preview Assets.xcassets */; };
		47ABD1612885076D0090387F /* UI_615Tests.swift in Sources */ = {isa = PBXBuildFile; fileRef = 47ABD1602885076D0090387F /* UI_615Tests.swift */; };
		47ABD16B2885076D0090387F /* UI_615UITests.swift in Sources */ = {isa = PBXBuildFile; fileRef = 47ABD16A2885076D0090387F /* UI_615UITests.swift */; };
		47ABD16D2885076D0090387F /* UI_615UITestsLaunchTests.swift in Sources */ = {isa = PBXBuildFile; fileRef = 47ABD16C2885076D0090387F /* UI_615UITestsLaunchTests.swift */; };
		47ABD17C2885079B0090387F /* Tab.swift in Sources */ = {isa = PBXBuildFile; fileRef = 47ABD17B2885079B0090387F /* Tab.swift */; };
		47ABD17E288507AC0090387F /* Home.swift in Sources */ = {isa = PBXBuildFile; fileRef = 47ABD17D288507AC0090387F /* Home.swift */; };
		47ABD181288508080090387F /* Extensions.swift in Sources */ = {isa = PBXBuildFile; fileRef = 47ABD180288508080090387F /* Extensions.swift */; };
/* End PBXBuildFile section */

/* Begin PBXContainerItemProxy section */
		47ABD15D2885076D0090387F /* PBXContainerItemProxy */ = {
			isa = PBXContainerItemProxy;
			containerPortal = 47ABD1442885076C0090387F /* Project object */;
			proxyType = 1;
			remoteGlobalIDString = 47ABD14B2885076C0090387F;
			remoteInfo = "UI-615";
		};
		47ABD1672885076D0090387F /* PBXContainerItemProxy */ = {
			isa = PBXContainerItemProxy;
			containerPortal = 47ABD1442885076C0090387F /* Project object */;
			proxyType = 1;
			remoteGlobalIDString = 47ABD14B2885076C0090387F;
			remoteInfo = "UI-615";
		};
/* End PBXContainerItemProxy section */

/* Begin PBXFileReference section */
		47ABD14C2885076C0090387F /* UI-615.app */ = {isa = PBXFileReference; explicitFileType = wrapper.application; includeInIndex = 0; path = "UI-615.app"; sourceTree = BUILT_PRODUCTS_DIR; };
		47ABD14F2885076C0090387F /* UI_615App.swift */ = {isa = PBXFileReference; lastKnownFileType = sourcecode.swift; path = UI_615App.swift; sourceTree = "<group>"; };
		47ABD1512885076C0090387F /* ContentView.swift */ = {isa = PBXFileReference; lastKnownFileType = sourcecode.swift; path = ContentView.swift; sourceTree = "<group>"; };
		47ABD1532885076D0090387F /* Assets.xcassets */ = {isa = PBXFileReference; lastKnownFileType = folder.assetcatalog; path = Assets.xcassets; sourceTree = "<group>"; };
		47ABD1562885076D0090387F /* Preview Assets.xcassets */ = {isa = PBXFileReference; lastKnownFileType = folder.assetcatalog; path = "Preview Assets.xcassets"; sourceTree = "<group>"; };
		47ABD15C2885076D0090387F /* UI-615Tests.xctest */ = {isa = PBXFileReference; explicitFileType = wrapper.cfbundle; includeInIndex = 0; path = "UI-615Tests.xctest"; sourceTree = BUILT_PRODUCTS_DIR; };
		47ABD1602885076D0090387F /* UI_615Tests.swift */ = {isa = PBXFileReference; lastKnownFileType = sourcecode.swift; path = UI_615Tests.swift; sourceTree = "<group>"; };
		47ABD1662885076D0090387F /* UI-615UITests.xctest */ = {isa = PBXFileReference; explicitFileType = wrapper.cfbundle; includeInIndex = 0; path = "UI-615UITests.xctest"; sourceTree = BUILT_PRODUCTS_DIR; };
		47ABD16A2885076D0090387F /* UI_615UITests.swift */ = {isa = PBXFileReference; lastKnownFileType = sourcecode.swift; path = UI_615UITests.swift; sourceTree = "<group>"; };
		47ABD16C2885076D0090387F /* UI_615UITestsLaunchTests.swift */ = {isa = PBXFileReference; lastKnownFileType = sourcecode.swift; path = UI_615UITestsLaunchTests.swift; sourceTree = "<group>"; };
		47ABD17B2885079B0090387F /* Tab.swift */ = {isa = PBXFileReference; lastKnownFileType = sourcecode.swift; path = Tab.swift; sourceTree = "<group>"; };
		47ABD17D288507AC0090387F /* Home.swift */ = {isa = PBXFileReference; lastKnownFileType = sourcecode.swift; path = Home.swift; sourceTree = "<group>"; };
		47ABD180288508080090387F /* Extensions.swift */ = {isa = PBXFileReference; lastKnownFileType = sourcecode.swift; path = Extensions.swift; sourceTree = "<group>"; };
/* End PBXFileReference section */

/* Begin PBXFrameworksBuildPhase section */
		47ABD1492885076C0090387F /* Frameworks */ = {
			isa = PBXFrameworksBuildPhase;
			buildActionMask = 2147483647;
			files = (
			);
			runOnlyForDeploymentPostprocessing = 0;
		};
		47ABD1592885076D0090387F /* Frameworks */ = {
			isa = PBXFrameworksBuildPhase;
			buildActionMask = 2147483647;
			files = (
			);
			runOnlyForDeploymentPostprocessing = 0;
		};
		47ABD1632885076D0090387F /* Frameworks */ = {
			isa = PBXFrameworksBuildPhase;
			buildActionMask = 2147483647;
			files = (
			);
			runOnlyForDeploymentPostprocessing = 0;
		};
/* End PBXFrameworksBuildPhase section */

/* Begin PBXGroup section */
		47ABD1432885076C0090387F = {
			isa = PBXGroup;
			children = (
				47ABD14E2885076C0090387F /* UI-615 */,
				47ABD15F2885076D0090387F /* UI-615Tests */,
				47ABD1692885076D0090387F /* UI-615UITests */,
				47ABD14D2885076C0090387F /* Products */,
			);
			sourceTree = "<group>";
		};
		47ABD14D2885076C0090387F /* Products */ = {
			isa = PBXGroup;
			children = (
				47ABD14C2885076C0090387F /* UI-615.app */,
				47ABD15C2885076D0090387F /* UI-615Tests.xctest */,
				47ABD1662885076D0090387F /* UI-615UITests.xctest */,
			);
			name = Products;
			sourceTree = "<group>";
		};
		47ABD14E2885076C0090387F /* UI-615 */ = {
			isa = PBXGroup;
			children = (
				47ABD17F288507FA0090387F /* Heleper */,
				47ABD17A288507920090387F /* Model */,
				47ABD1792885078C0090387F /* View */,
				47ABD14F2885076C0090387F /* UI_615App.swift */,
				47ABD1512885076C0090387F /* ContentView.swift */,
				47ABD1532885076D0090387F /* Assets.xcassets */,
				47ABD1552885076D0090387F /* Preview Content */,
			);
			path = "UI-615";
			sourceTree = "<group>";
		};
		47ABD1552885076D0090387F /* Preview Content */ = {
			isa = PBXGroup;
			children = (
				47ABD1562885076D0090387F /* Preview Assets.xcassets */,
			);
			path = "Preview Content";
			sourceTree = "<group>";
		};
		47ABD15F2885076D0090387F /* UI-615Tests */ = {
			isa = PBXGroup;
			children = (
				47ABD1602885076D0090387F /* UI_615Tests.swift */,
			);
			path = "UI-615Tests";
			sourceTree = "<group>";
		};
		47ABD1692885076D0090387F /* UI-615UITests */ = {
			isa = PBXGroup;
			children = (
				47ABD16A2885076D0090387F /* UI_615UITests.swift */,
				47ABD16C2885076D0090387F /* UI_615UITestsLaunchTests.swift */,
			);
			path = "UI-615UITests";
			sourceTree = "<group>";
		};
		47ABD1792885078C0090387F /* View */ = {
			isa = PBXGroup;
			children = (
				47ABD17D288507AC0090387F /* Home.swift */,
			);
			path = View;
			sourceTree = "<group>";
		};
		47ABD17A288507920090387F /* Model */ = {
			isa = PBXGroup;
			children = (
				47ABD17B2885079B0090387F /* Tab.swift */,
			);
			path = Model;
			sourceTree = "<group>";
		};
		47ABD17F288507FA0090387F /* Heleper */ = {
			isa = PBXGroup;
			children = (
				47ABD180288508080090387F /* Extensions.swift */,
			);
			path = Heleper;
			sourceTree = "<group>";
		};
/* End PBXGroup section */

/* Begin PBXNativeTarget section */
		47ABD14B2885076C0090387F /* UI-615 */ = {
			isa = PBXNativeTarget;
			buildConfigurationList = 47ABD1702885076D0090387F /* Build configuration list for PBXNativeTarget "UI-615" */;
			buildPhases = (
				47ABD1482885076C0090387F /* Sources */,
				47ABD1492885076C0090387F /* Frameworks */,
				47ABD14A2885076C0090387F /* Resources */,
			);
			buildRules = (
			);
			dependencies = (
			);
			name = "UI-615";
			productName = "UI-615";
			productReference = 47ABD14C2885076C0090387F /* UI-615.app */;
			productType = "com.apple.product-type.application";
		};
		47ABD15B2885076D0090387F /* UI-615Tests */ = {
			isa = PBXNativeTarget;
			buildConfigurationList = 47ABD1732885076D0090387F /* Build configuration list for PBXNativeTarget "UI-615Tests" */;
			buildPhases = (
				47ABD1582885076D0090387F /* Sources */,
				47ABD1592885076D0090387F /* Frameworks */,
				47ABD15A2885076D0090387F /* Resources */,
			);
			buildRules = (
			);
			dependencies = (
				47ABD15E2885076D0090387F /* PBXTargetDependency */,
			);
			name = "UI-615Tests";
			productName = "UI-615Tests";
			productReference = 47ABD15C2885076D0090387F /* UI-615Tests.xctest */;
			productType = "com.apple.product-type.bundle.unit-test";
		};
		47ABD1652885076D0090387F /* UI-615UITests */ = {
			isa = PBXNativeTarget;
			buildConfigurationList = 47ABD1762885076D0090387F /* Build configuration list for PBXNativeTarget "UI-615UITests" */;
			buildPhases = (
				47ABD1622885076D0090387F /* Sources */,
				47ABD1632885076D0090387F /* Frameworks */,
				47ABD1642885076D0090387F /* Resources */,
			);
			buildRules = (
			);
			dependencies = (
				47ABD1682885076D0090387F /* PBXTargetDependency */,
			);
			name = "UI-615UITests";
			productName = "UI-615UITests";
			productReference = 47ABD1662885076D0090387F /* UI-615UITests.xctest */;
			productType = "com.apple.product-type.bundle.ui-testing";
		};
/* End PBXNativeTarget section */

/* Begin PBXProject section */
		47ABD1442885076C0090387F /* Project object */ = {
			isa = PBXProject;
			attributes = {
				BuildIndependentTargetsInParallel = 1;
				LastSwiftUpdateCheck = 1400;
				LastUpgradeCheck = 1400;
				TargetAttributes = {
					47ABD14B2885076C0090387F = {
						CreatedOnToolsVersion = 14.0;
					};
					47ABD15B2885076D0090387F = {
						CreatedOnToolsVersion = 14.0;
						TestTargetID = 47ABD14B2885076C0090387F;
					};
					47ABD1652885076D0090387F = {
						CreatedOnToolsVersion = 14.0;
						TestTargetID = 47ABD14B2885076C0090387F;
					};
				};
			};
			buildConfigurationList = 47ABD1472885076C0090387F /* Build configuration list for PBXProject "UI-615" */;
			compatibilityVersion = "Xcode 14.0";
			developmentRegion = en;
			hasScannedForEncodings = 0;
			knownRegions = (
				en,
				Base,
			);
			mainGroup = 47ABD1432885076C0090387F;
			productRefGroup = 47ABD14D2885076C0090387F /* Products */;
			projectDirPath = "";
			projectRoot = "";
			targets = (
				47ABD14B2885076C0090387F /* UI-615 */,
				47ABD15B2885076D0090387F /* UI-615Tests */,
				47ABD1652885076D0090387F /* UI-615UITests */,
			);
		};
/* End PBXProject section */

/* Begin PBXResourcesBuildPhase section */
		47ABD14A2885076C0090387F /* Resources */ = {
			isa = PBXResourcesBuildPhase;
			buildActionMask = 2147483647;
			files = (
				47ABD1572885076D0090387F /* Preview Assets.xcassets in Resources */,
				47ABD1542885076D0090387F /* Assets.xcassets in Resources */,
			);
			runOnlyForDeploymentPostprocessing = 0;
		};
		47ABD15A2885076D0090387F /* Resources */ = {
			isa = PBXResourcesBuildPhase;
			buildActionMask = 2147483647;
			files = (
			);
			runOnlyForDeploymentPostprocessing = 0;
		};
		47ABD1642885076D0090387F /* Resources */ = {
			isa = PBXResourcesBuildPhase;
			buildActionMask = 2147483647;
			files = (
			);
			runOnlyForDeploymentPostprocessing = 0;
		};
/* End PBXResourcesBuildPhase section */

/* Begin PBXSourcesBuildPhase section */
		47ABD1482885076C0090387F /* Sources */ = {
			isa = PBXSourcesBuildPhase;
			buildActionMask = 2147483647;
			files = (
				47ABD181288508080090387F /* Extensions.swift in Sources */,
				47ABD17C2885079B0090387F /* Tab.swift in Sources */,
				47ABD1522885076C0090387F /* ContentView.swift in Sources */,
				47ABD17E288507AC0090387F /* Home.swift in Sources */,
				47ABD1502885076C0090387F /* UI_615App.swift in Sources */,
			);
			runOnlyForDeploymentPostprocessing = 0;
		};
		47ABD1582885076D0090387F /* Sources */ = {
			isa = PBXSourcesBuildPhase;
			buildActionMask = 2147483647;
			files = (
				47ABD1612885076D0090387F /* UI_615Tests.swift in Sources */,
			);
			runOnlyForDeploymentPostprocessing = 0;
		};
		47ABD1622885076D0090387F /* Sources */ = {
			isa = PBXSourcesBuildPhase;
			buildActionMask = 2147483647;
			files = (
				47ABD16B2885076D0090387F /* UI_615UITests.swift in Sources */,
				47ABD16D2885076D0090387F /* UI_615UITestsLaunchTests.swift in Sources */,
			);
			runOnlyForDeploymentPostprocessing = 0;
		};
/* End PBXSourcesBuildPhase section */

/* Begin PBXTargetDependency section */
		47ABD15E2885076D0090387F /* PBXTargetDependency */ = {
			isa = PBXTargetDependency;
			target = 47ABD14B2885076C0090387F /* UI-615 */;
			targetProxy = 47ABD15D2885076D0090387F /* PBXContainerItemProxy */;
		};
		47ABD1682885076D0090387F /* PBXTargetDependency */ = {
			isa = PBXTargetDependency;
			target = 47ABD14B2885076C0090387F /* UI-615 */;
			targetProxy = 47ABD1672885076D0090387F /* PBXContainerItemProxy */;
		};
/* End PBXTargetDependency section */

/* Begin XCBuildConfiguration section */
		47ABD16E2885076D0090387F /* Debug */ = {
			isa = XCBuildConfiguration;
			buildSettings = {
				ALWAYS_SEARCH_USER_PATHS = NO;
				CLANG_ANALYZER_NONNULL = YES;
				CLANG_ANALYZER_NUMBER_OBJECT_CONVERSION = YES_AGGRESSIVE;
				CLANG_CXX_LANGUAGE_STANDARD = "gnu++17";
				CLANG_ENABLE_MODULES = YES;
				CLANG_ENABLE_OBJC_ARC = YES;
				CLANG_ENABLE_OBJC_WEAK = YES;
				CLANG_WARN_BLOCK_CAPTURE_AUTORELEASING = YES;
				CLANG_WARN_BOOL_CONVERSION = YES;
				CLANG_WARN_COMMA = YES;
				CLANG_WARN_CONSTANT_CONVERSION = YES;
				CLANG_WARN_DEPRECATED_OBJC_IMPLEMENTATIONS = YES;
				CLANG_WARN_DIRECT_OBJC_ISA_USAGE = YES_ERROR;
				CLANG_WARN_DOCUMENTATION_COMMENTS = YES;
				CLANG_WARN_EMPTY_BODY = YES;
				CLANG_WARN_ENUM_CONVERSION = YES;
				CLANG_WARN_INFINITE_RECURSION = YES;
				CLANG_WARN_INT_CONVERSION = YES;
				CLANG_WARN_NON_LITERAL_NULL_CONVERSION = YES;
				CLANG_WARN_OBJC_IMPLICIT_RETAIN_SELF = YES;
				CLANG_WARN_OBJC_LITERAL_CONVERSION = YES;
				CLANG_WARN_OBJC_ROOT_CLASS = YES_ERROR;
				CLANG_WARN_QUOTED_INCLUDE_IN_FRAMEWORK_HEADER = YES;
				CLANG_WARN_RANGE_LOOP_ANALYSIS = YES;
				CLANG_WARN_STRICT_PROTOTYPES = YES;
				CLANG_WARN_SUSPICIOUS_MOVE = YES;
				CLANG_WARN_UNGUARDED_AVAILABILITY = YES_AGGRESSIVE;
				CLANG_WARN_UNREACHABLE_CODE = YES;
				CLANG_WARN__DUPLICATE_METHOD_MATCH = YES;
				COPY_PHASE_STRIP = NO;
				DEBUG_INFORMATION_FORMAT = dwarf;
				ENABLE_STRICT_OBJC_MSGSEND = YES;
				ENABLE_TESTABILITY = YES;
				GCC_C_LANGUAGE_STANDARD = gnu11;
				GCC_DYNAMIC_NO_PIC = NO;
				GCC_NO_COMMON_BLOCKS = YES;
				GCC_OPTIMIZATION_LEVEL = 0;
				GCC_PREPROCESSOR_DEFINITIONS = (
					"DEBUG=1",
					"$(inherited)",
				);
				GCC_WARN_64_TO_32_BIT_CONVERSION = YES;
				GCC_WARN_ABOUT_RETURN_TYPE = YES_ERROR;
				GCC_WARN_UNDECLARED_SELECTOR = YES;
				GCC_WARN_UNINITIALIZED_AUTOS = YES_AGGRESSIVE;
				GCC_WARN_UNUSED_FUNCTION = YES;
				GCC_WARN_UNUSED_VARIABLE = YES;
				IPHONEOS_DEPLOYMENT_TARGET = 16.0;
				MTL_ENABLE_DEBUG_INFO = INCLUDE_SOURCE;
				MTL_FAST_MATH = YES;
				ONLY_ACTIVE_ARCH = YES;
				SDKROOT = iphoneos;
				SWIFT_ACTIVE_COMPILATION_CONDITIONS = DEBUG;
				SWIFT_OPTIMIZATION_LEVEL = "-Onone";
			};
			name = Debug;
		};
		47ABD16F2885076D0090387F /* Release */ = {
			isa = XCBuildConfiguration;
			buildSettings = {
				ALWAYS_SEARCH_USER_PATHS = NO;
				CLANG_ANALYZER_NONNULL = YES;
				CLANG_ANALYZER_NUMBER_OBJECT_CONVERSION = YES_AGGRESSIVE;
				CLANG_CXX_LANGUAGE_STANDARD = "gnu++17";
				CLANG_ENABLE_MODULES = YES;
				CLANG_ENABLE_OBJC_ARC = YES;
				CLANG_ENABLE_OBJC_WEAK = YES;
				CLANG_WARN_BLOCK_CAPTURE_AUTORELEASING = YES;
				CLANG_WARN_BOOL_CONVERSION = YES;
				CLANG_WARN_COMMA = YES;
				CLANG_WARN_CONSTANT_CONVERSION = YES;
				CLANG_WARN_DEPRECATED_OBJC_IMPLEMENTATIONS = YES;
				CLANG_WARN_DIRECT_OBJC_ISA_USAGE = YES_ERROR;
				CLANG_WARN_DOCUMENTATION_COMMENTS = YES;
				CLANG_WARN_EMPTY_BODY = YES;
				CLANG_WARN_ENUM_CONVERSION = YES;
				CLANG_WARN_INFINITE_RECURSION = YES;
				CLANG_WARN_INT_CONVERSION = YES;
				CLANG_WARN_NON_LITERAL_NULL_CONVERSION = YES;
				CLANG_WARN_OBJC_IMPLICIT_RETAIN_SELF = YES;
				CLANG_WARN_OBJC_LITERAL_CONVERSION = YES;
				CLANG_WARN_OBJC_ROOT_CLASS = YES_ERROR;
				CLANG_WARN_QUOTED_INCLUDE_IN_FRAMEWORK_HEADER = YES;
				CLANG_WARN_RANGE_LOOP_ANALYSIS = YES;
				CLANG_WARN_STRICT_PROTOTYPES = YES;
				CLANG_WARN_SUSPICIOUS_MOVE = YES;
				CLANG_WARN_UNGUARDED_AVAILABILITY = YES_AGGRESSIVE;
				CLANG_WARN_UNREACHABLE_CODE = YES;
				CLANG_WARN__DUPLICATE_METHOD_MATCH = YES;
				COPY_PHASE_STRIP = NO;
				DEBUG_INFORMATION_FORMAT = "dwarf-with-dsym";
				ENABLE_NS_ASSERTIONS = NO;
				ENABLE_STRICT_OBJC_MSGSEND = YES;
				GCC_C_LANGUAGE_STANDARD = gnu11;
				GCC_NO_COMMON_BLOCKS = YES;
				GCC_WARN_64_TO_32_BIT_CONVERSION = YES;
				GCC_WARN_ABOUT_RETURN_TYPE = YES_ERROR;
				GCC_WARN_UNDECLARED_SELECTOR = YES;
				GCC_WARN_UNINITIALIZED_AUTOS = YES_AGGRESSIVE;
				GCC_WARN_UNUSED_FUNCTION = YES;
				GCC_WARN_UNUSED_VARIABLE = YES;
				IPHONEOS_DEPLOYMENT_TARGET = 16.0;
				MTL_ENABLE_DEBUG_INFO = NO;
				MTL_FAST_MATH = YES;
				SDKROOT = iphoneos;
				SWIFT_COMPILATION_MODE = wholemodule;
				SWIFT_OPTIMIZATION_LEVEL = "-O";
				VALIDATE_PRODUCT = YES;
			};
			name = Release;
		};
		47ABD1712885076D0090387F /* Debug */ = {
			isa = XCBuildConfiguration;
			buildSettings = {
				ASSETCATALOG_COMPILER_APPICON_NAME = AppIcon;
				ASSETCATALOG_COMPILER_GLOBAL_ACCENT_COLOR_NAME = AccentColor;
				CODE_SIGN_STYLE = Automatic;
				CURRENT_PROJECT_VERSION = 1;
				DEVELOPMENT_ASSET_PATHS = "\"UI-615/Preview Content\"";
				DEVELOPMENT_TEAM = 8CL4U468K5;
				ENABLE_PREVIEWS = YES;
				GENERATE_INFOPLIST_FILE = YES;
				INFOPLIST_KEY_UIApplicationSceneManifest_Generation = YES;
				INFOPLIST_KEY_UIApplicationSupportsIndirectInputEvents = YES;
				INFOPLIST_KEY_UILaunchScreen_Generation = YES;
				INFOPLIST_KEY_UISupportedInterfaceOrientations_iPad = "UIInterfaceOrientationPortrait UIInterfaceOrientationPortraitUpsideDown UIInterfaceOrientationLandscapeLeft UIInterfaceOrientationLandscapeRight";
				INFOPLIST_KEY_UISupportedInterfaceOrientations_iPhone = "UIInterfaceOrientationPortrait UIInterfaceOrientationLandscapeLeft UIInterfaceOrientationLandscapeRight";
				LD_RUNPATH_SEARCH_PATHS = (
					"$(inherited)",
					"@executable_path/Frameworks",
				);
				MARKETING_VERSION = 1.0;
				PRODUCT_BUNDLE_IDENTIFIER = "com.585.UI-615";
				PRODUCT_NAME = "$(TARGET_NAME)";
				SWIFT_EMIT_LOC_STRINGS = YES;
				SWIFT_VERSION = 5.0;
				TARGETED_DEVICE_FAMILY = "1,2";
			};
			name = Debug;
		};
		47ABD1722885076D0090387F /* Release */ = {
			isa = XCBuildConfiguration;
			buildSettings = {
				ASSETCATALOG_COMPILER_APPICON_NAME = AppIcon;
				ASSETCATALOG_COMPILER_GLOBAL_ACCENT_COLOR_NAME = AccentColor;
				CODE_SIGN_STYLE = Automatic;
				CURRENT_PROJECT_VERSION = 1;
				DEVELOPMENT_ASSET_PATHS = "\"UI-615/Preview Content\"";
				DEVELOPMENT_TEAM = 8CL4U468K5;
				ENABLE_PREVIEWS = YES;
				GENERATE_INFOPLIST_FILE = YES;
				INFOPLIST_KEY_UIApplicationSceneManifest_Generation = YES;
				INFOPLIST_KEY_UIApplicationSupportsIndirectInputEvents = YES;
				INFOPLIST_KEY_UILaunchScreen_Generation = YES;
				INFOPLIST_KEY_UISupportedInterfaceOrientations_iPad = "UIInterfaceOrientationPortrait UIInterfaceOrientationPortraitUpsideDown UIInterfaceOrientationLandscapeLeft UIInterfaceOrientationLandscapeRight";
				INFOPLIST_KEY_UISupportedInterfaceOrientations_iPhone = "UIInterfaceOrientationPortrait UIInterfaceOrientationLandscapeLeft UIInterfaceOrientationLandscapeRight";
				LD_RUNPATH_SEARCH_PATHS = (
					"$(inherited)",
					"@executable_path/Frameworks",
				);
				MARKETING_VERSION = 1.0;
				PRODUCT_BUNDLE_IDENTIFIER = "com.585.UI-615";
				PRODUCT_NAME = "$(TARGET_NAME)";
				SWIFT_EMIT_LOC_STRINGS = YES;
				SWIFT_VERSION = 5.0;
				TARGETED_DEVICE_FAMILY = "1,2";
			};
			name = Release;
		};
		47ABD1742885076D0090387F /* Debug */ = {
			isa = XCBuildConfiguration;
			buildSettings = {
				ALWAYS_EMBED_SWIFT_STANDARD_LIBRARIES = YES;
				BUNDLE_LOADER = "$(TEST_HOST)";
				CODE_SIGN_STYLE = Automatic;
				CURRENT_PROJECT_VERSION = 1;
				DEVELOPMENT_TEAM = 8CL4U468K5;
				GENERATE_INFOPLIST_FILE = YES;
				IPHONEOS_DEPLOYMENT_TARGET = 16.0;
				MARKETING_VERSION = 1.0;
				PRODUCT_BUNDLE_IDENTIFIER = "com.585.UI-615Tests";
				PRODUCT_NAME = "$(TARGET_NAME)";
				SWIFT_EMIT_LOC_STRINGS = NO;
				SWIFT_VERSION = 5.0;
				TARGETED_DEVICE_FAMILY = "1,2";
				TEST_HOST = "$(BUILT_PRODUCTS_DIR)/UI-615.app/$(BUNDLE_EXECUTABLE_FOLDER_PATH)/UI-615";
			};
			name = Debug;
		};
		47ABD1752885076D0090387F /* Release */ = {
			isa = XCBuildConfiguration;
			buildSettings = {
				ALWAYS_EMBED_SWIFT_STANDARD_LIBRARIES = YES;
				BUNDLE_LOADER = "$(TEST_HOST)";
				CODE_SIGN_STYLE = Automatic;
				CURRENT_PROJECT_VERSION = 1;
				DEVELOPMENT_TEAM = 8CL4U468K5;
				GENERATE_INFOPLIST_FILE = YES;
				IPHONEOS_DEPLOYMENT_TARGET = 16.0;
				MARKETING_VERSION = 1.0;
				PRODUCT_BUNDLE_IDENTIFIER = "com.585.UI-615Tests";
				PRODUCT_NAME = "$(TARGET_NAME)";
				SWIFT_EMIT_LOC_STRINGS = NO;
				SWIFT_VERSION = 5.0;
				TARGETED_DEVICE_FAMILY = "1,2";
				TEST_HOST = "$(BUILT_PRODUCTS_DIR)/UI-615.app/$(BUNDLE_EXECUTABLE_FOLDER_PATH)/UI-615";
			};
			name = Release;
		};
		47ABD1772885076D0090387F /* Debug */ = {
			isa = XCBuildConfiguration;
			buildSettings = {
				ALWAYS_EMBED_SWIFT_STANDARD_LIBRARIES = YES;
				CODE_SIGN_STYLE = Automatic;
				CURRENT_PROJECT_VERSION = 1;
				DEVELOPMENT_TEAM = 8CL4U468K5;
				GENERATE_INFOPLIST_FILE = YES;
				MARKETING_VERSION = 1.0;
				PRODUCT_BUNDLE_IDENTIFIER = "com.585.UI-615UITests";
				PRODUCT_NAME = "$(TARGET_NAME)";
				SWIFT_EMIT_LOC_STRINGS = NO;
				SWIFT_VERSION = 5.0;
				TARGETED_DEVICE_FAMILY = "1,2";
				TEST_TARGET_NAME = "UI-615";
			};
			name = Debug;
		};
		47ABD1782885076D0090387F /* Release */ = {
			isa = XCBuildConfiguration;
			buildSettings = {
				ALWAYS_EMBED_SWIFT_STANDARD_LIBRARIES = YES;
				CODE_SIGN_STYLE = Automatic;
				CURRENT_PROJECT_VERSION = 1;
				DEVELOPMENT_TEAM = 8CL4U468K5;
				GENERATE_INFOPLIST_FILE = YES;
				MARKETING_VERSION = 1.0;
				PRODUCT_BUNDLE_IDENTIFIER = "com.585.UI-615UITests";
				PRODUCT_NAME = "$(TARGET_NAME)";
				SWIFT_EMIT_LOC_STRINGS = NO;
				SWIFT_VERSION = 5.0;
				TARGETED_DEVICE_FAMILY = "1,2";
				TEST_TARGET_NAME = "UI-615";
			};
			name = Release;
		};
/* End XCBuildConfiguration section */

/* Begin XCConfigurationList section */
		47ABD1472885076C0090387F /* Build configuration list for PBXProject "UI-615" */ = {
			isa = XCConfigurationList;
			buildConfigurations = (
				47ABD16E2885076D0090387F /* Debug */,
				47ABD16F2885076D0090387F /* Release */,
			);
			defaultConfigurationIsVisible = 0;
			defaultConfigurationName = Release;
		};
		47ABD1702885076D0090387F /* Build configuration list for PBXNativeTarget "UI-615" */ = {
			isa = XCConfigurationList;
			buildConfigurations = (
				47ABD1712885076D0090387F /* Debug */,
				47ABD1722885076D0090387F /* Release */,
			);
			defaultConfigurationIsVisible = 0;
			defaultConfigurationName = Release;
		};
		47ABD1732885076D0090387F /* Build configuration list for PBXNativeTarget "UI-615Tests" */ = {
			isa = XCConfigurationList;
			buildConfigurations = (
				47ABD1742885076D0090387F /* Debug */,
				47ABD1752885076D0090387F /* Release */,
			);
			defaultConfigurationIsVisible = 0;
			defaultConfigurationName = Release;
		};
		47ABD1762885076D0090387F /* Build configuration list for PBXNativeTarget "UI-615UITests" */ = {
			isa = XCConfigurationList;
			buildConfigurations = (
				47ABD1772885076D0090387F /* Debug */,
				47ABD1782885076D0090387F /* Release */,
			);
			defaultConfigurationIsVisible = 0;
			defaultConfigurationName = Release;
		};
/* End XCConfigurationList section */
	};
	rootObject = 47ABD1442885076C0090387F /* Project object */;
}
